
Microsoft Visual Studio Solution File, Format Version 12.00
Project("{FAE04EC0-301F-11D3-BF4B-00C04F79EFBC}") = "ModbusBridge", "ModbusBridge\ModbusBridge.csproj", "{206E3A0D-F244-4B30-9790-28E61C65BAD3}"
EndProject
Global
	GlobalSection(SolutionConfigurationPlatforms) = preSolution
		Debug|Any CPU = Debug|Any CPU
		Release|Any CPU = Release|Any CPU
	EndGlobalSection
	GlobalSection(ProjectConfigurationPlatforms) = postSolution
		{206E3A0D-F244-4B30-9790-28E61C65BAD3}.Debug|Any CPU.ActiveCfg = Debug|Any CPU
		{206E3A0D-F244-4B30-9790-28E61C65BAD3}.Debug|Any CPU.Build.0 = Debug|Any CPU
		{206E3A0D-F244-4B30-9790-28E61C65BAD3}.Release|Any CPU.ActiveCfg = Release|Any CPU
		{206E3A0D-F244-4B30-9790-28E61C65BAD3}.Release|Any CPU.Build.0 = Release|Any CPU
	EndGlobalSection
EndGlobal
